// !$*UTF8*$!
{
	archiveVersion = 1;
	classes = {
	};
	objectVersion = 55;
	objects = {

/* Begin PBXBuildFile section */
		E5634EA828BD2ADC003BC4BE /* AppDelegate.swift in Sources */ = {isa = PBXBuildFile; fileRef = E5634EA728BD2ADC003BC4BE /* AppDelegate.swift */; };
		E5634EAA28BD2ADC003BC4BE /* SceneDelegate.swift in Sources */ = {isa = PBXBuildFile; fileRef = E5634EA928BD2ADC003BC4BE /* SceneDelegate.swift */; };
		E5634EAC28BD2ADC003BC4BE /* ViewController.swift in Sources */ = {isa = PBXBuildFile; fileRef = E5634EAB28BD2ADC003BC4BE /* ViewController.swift */; };
		E5634EAF28BD2ADC003BC4BE /* Main.storyboard in Resources */ = {isa = PBXBuildFile; fileRef = E5634EAD28BD2ADC003BC4BE /* Main.storyboard */; };
		E5634EB228BD2ADC003BC4BE /* SwiftMaps.xcdatamodeld in Sources */ = {isa = PBXBuildFile; fileRef = E5634EB028BD2ADC003BC4BE /* SwiftMaps.xcdatamodeld */; };
		E5634EB428BD2AE1003BC4BE /* Assets.xcassets in Resources */ = {isa = PBXBuildFile; fileRef = E5634EB328BD2AE1003BC4BE /* Assets.xcassets */; };
		E5634EB728BD2AE1003BC4BE /* LaunchScreen.storyboard in Resources */ = {isa = PBXBuildFile; fileRef = E5634EB528BD2AE1003BC4BE /* LaunchScreen.storyboard */; };
/* End PBXBuildFile section */

/* Begin PBXFileReference section */
		E5634EA428BD2ADC003BC4BE /* SwiftMaps.app */ = {isa = PBXFileReference; explicitFileType = wrapper.application; includeInIndex = 0; path = SwiftMaps.app; sourceTree = BUILT_PRODUCTS_DIR; };
		E5634EA728BD2ADC003BC4BE /* AppDelegate.swift */ = {isa = PBXFileReference; lastKnownFileType = sourcecode.swift; path = AppDelegate.swift; sourceTree = "<group>"; };
		E5634EA928BD2ADC003BC4BE /* SceneDelegate.swift */ = {isa = PBXFileReference; lastKnownFileType = sourcecode.swift; path = SceneDelegate.swift; sourceTree = "<group>"; };
		E5634EAB28BD2ADC003BC4BE /* ViewController.swift */ = {isa = PBXFileReference; lastKnownFileType = sourcecode.swift; path = ViewController.swift; sourceTree = "<group>"; };
		E5634EAE28BD2ADC003BC4BE /* Base */ = {isa = PBXFileReference; lastKnownFileType = file.storyboard; name = Base; path = Base.lproj/Main.storyboard; sourceTree = "<group>"; };
		E5634EB128BD2ADC003BC4BE /* SwiftMaps.xcdatamodel */ = {isa = PBXFileReference; lastKnownFileType = wrapper.xcdatamodel; path = SwiftMaps.xcdatamodel; sourceTree = "<group>"; };
		E5634EB328BD2AE1003BC4BE /* Assets.xcassets */ = {isa = PBXFileReference; lastKnownFileType = folder.assetcatalog; path = Assets.xcassets; sourceTree = "<group>"; };
		E5634EB628BD2AE1003BC4BE /* Base */ = {isa = PBXFileReference; lastKnownFileType = file.storyboard; name = Base; path = Base.lproj/LaunchScreen.storyboard; sourceTree = "<group>"; };
		E5634EB828BD2AE1003BC4BE /* Info.plist */ = {isa = PBXFileReference; lastKnownFileType = text.plist.xml; path = Info.plist; sourceTree = "<group>"; };
/* End PBXFileReference section */

/* Begin PBXFrameworksBuildPhase section */
		E5634EA128BD2ADC003BC4BE /* Frameworks */ = {
			isa = PBXFrameworksBuildPhase;
			buildActionMask = 2147483647;
			files = (
			);
			runOnlyForDeploymentPostprocessing = 0;
		};
/* End PBXFrameworksBuildPhase section */

/* Begin PBXGroup section */
		E5634E9B28BD2ADC003BC4BE = {
			isa = PBXGroup;
			children = (
				E5634EA628BD2ADC003BC4BE /* SwiftMaps */,
				E5634EA528BD2ADC003BC4BE /* Products */,
			);
			sourceTree = "<group>";
		};
		E5634EA528BD2ADC003BC4BE /* Products */ = {
			isa = PBXGroup;
			children = (
				E5634EA428BD2ADC003BC4BE /* SwiftMaps.app */,
			);
			name = Products;
			sourceTree = "<group>";
		};
		E5634EA628BD2ADC003BC4BE /* SwiftMaps */ = {
			isa = PBXGroup;
			children = (
				E5634EA728BD2ADC003BC4BE /* AppDelegate.swift */,
				E5634EA928BD2ADC003BC4BE /* SceneDelegate.swift */,
				E5634EAB28BD2ADC003BC4BE /* ViewController.swift */,
				E5634EAD28BD2ADC003BC4BE /* Main.storyboard */,
				E5634EB328BD2AE1003BC4BE /* Assets.xcassets */,
				E5634EB528BD2AE1003BC4BE /* LaunchScreen.storyboard */,
				E5634EB828BD2AE1003BC4BE /* Info.plist */,
				E5634EB028BD2ADC003BC4BE /* SwiftMaps.xcdatamodeld */,
			);
			path = SwiftMaps;
			sourceTree = "<group>";
		};
/* End PBXGroup section */

/* Begin PBXNativeTarget section */
		E5634EA328BD2ADC003BC4BE /* SwiftMaps */ = {
			isa = PBXNativeTarget;
			buildConfigurationList = E5634EBB28BD2AE1003BC4BE /* Build configuration list for PBXNativeTarget "SwiftMaps" */;
			buildPhases = (
				E5634EA028BD2ADC003BC4BE /* Sources */,
				E5634EA128BD2ADC003BC4BE /* Frameworks */,
				E5634EA228BD2ADC003BC4BE /* Resources */,
			);
			buildRules = (
			);
			dependencies = (
			);
			name = SwiftMaps;
			productName = SwiftMaps;
			productReference = E5634EA428BD2ADC003BC4BE /* SwiftMaps.app */;
			productType = "com.apple.product-type.application";
		};
/* End PBXNativeTarget section */

/* Begin PBXProject section */
		E5634E9C28BD2ADC003BC4BE /* Project object */ = {
			isa = PBXProject;
			attributes = {
				BuildIndependentTargetsInParallel = 1;
				LastSwiftUpdateCheck = 1340;
				LastUpgradeCheck = 1340;
				TargetAttributes = {
					E5634EA328BD2ADC003BC4BE = {
						CreatedOnToolsVersion = 13.4.1;
					};
				};
			};
			buildConfigurationList = E5634E9F28BD2ADC003BC4BE /* Build configuration list for PBXProject "SwiftMaps" */;
			compatibilityVersion = "Xcode 13.0";
			developmentRegion = en;
			hasScannedForEncodings = 0;
			knownRegions = (
				en,
				Base,
			);
			mainGroup = E5634E9B28BD2ADC003BC4BE;
			productRefGroup = E5634EA528BD2ADC003BC4BE /* Products */;
			projectDirPath = "";
			projectRoot = "";
			targets = (
				E5634EA328BD2ADC003BC4BE /* SwiftMaps */,
			);
		};
/* End PBXProject section */

/* Begin PBXResourcesBuildPhase section */
		E5634EA228BD2ADC003BC4BE /* Resources */ = {
			isa = PBXResourcesBuildPhase;
			buildActionMask = 2147483647;
			files = (
				E5634EB728BD2AE1003BC4BE /* LaunchScreen.storyboard in Resources */,
				E5634EB428BD2AE1003BC4BE /* Assets.xcassets in Resources */,
				E5634EAF28BD2ADC003BC4BE /* Main.storyboard in Resources */,
			);
			runOnlyForDeploymentPostprocessing = 0;
		};
/* End PBXResourcesBuildPhase section */

/* Begin PBXSourcesBuildPhase section */
		E5634EA028BD2ADC003BC4BE /* Sources */ = {
			isa = PBXSourcesBuildPhase;
			buildActionMask = 2147483647;
			files = (
				E5634EB228BD2ADC003BC4BE /* SwiftMaps.xcdatamodeld in Sources */,
				E5634EAC28BD2ADC003BC4BE /* ViewController.swift in Sources */,
				E5634EA828BD2ADC003BC4BE /* AppDelegate.swift in Sources */,
				E5634EAA28BD2ADC003BC4BE /* SceneDelegate.swift in Sources */,
			);
			runOnlyForDeploymentPostprocessing = 0;
		};
/* End PBXSourcesBuildPhase section */

/* Begin PBXVariantGroup section */
		E5634EAD28BD2ADC003BC4BE /* Main.storyboard */ = {
			isa = PBXVariantGroup;
			children = (
				E5634EAE28BD2ADC003BC4BE /* Base */,
			);
			name = Main.storyboard;
			sourceTree = "<group>";
		};
		E5634EB528BD2AE1003BC4BE /* LaunchScreen.storyboard */ = {
			isa = PBXVariantGroup;
			children = (
				E5634EB628BD2AE1003BC4BE /* Base */,
			);
			name = LaunchScreen.storyboard;
			sourceTree = "<group>";
		};
/* End PBXVariantGroup section */

/* Begin XCBuildConfiguration section */
		E5634EB928BD2AE1003BC4BE /* Debug */ = {
			isa = XCBuildConfiguration;
			buildSettings = {
				ALWAYS_SEARCH_USER_PATHS = NO;
				CLANG_ANALYZER_NONNULL = YES;
				CLANG_ANALYZER_NUMBER_OBJECT_CONVERSION = YES_AGGRESSIVE;
				CLANG_CXX_LANGUAGE_STANDARD = "gnu++17";
				CLANG_ENABLE_MODULES = YES;
				CLANG_ENABLE_OBJC_ARC = YES;
				CLANG_ENABLE_OBJC_WEAK = YES;
				CLANG_WARN_BLOCK_CAPTURE_AUTORELEASING = YES;
				CLANG_WARN_BOOL_CONVERSION = YES;
				CLANG_WARN_COMMA = YES;
				CLANG_WARN_CONSTANT_CONVERSION = YES;
				CLANG_WARN_DEPRECATED_OBJC_IMPLEMENTATIONS = YES;
				CLANG_WARN_DIRECT_OBJC_ISA_USAGE = YES_ERROR;
				CLANG_WARN_DOCUMENTATION_COMMENTS = YES;
				CLANG_WARN_EMPTY_BODY = YES;
				CLANG_WARN_ENUM_CONVERSION = YES;
				CLANG_WARN_INFINITE_RECURSION = YES;
				CLANG_WARN_INT_CONVERSION = YES;
				CLANG_WARN_NON_LITERAL_NULL_CONVERSION = YES;
				CLANG_WARN_OBJC_IMPLICIT_RETAIN_SELF = YES;
				CLANG_WARN_OBJC_LITERAL_CONVERSION = YES;
				CLANG_WARN_OBJC_ROOT_CLASS = YES_ERROR;
				CLANG_WARN_QUOTED_INCLUDE_IN_FRAMEWORK_HEADER = YES;
				CLANG_WARN_RANGE_LOOP_ANALYSIS = YES;
				CLANG_WARN_STRICT_PROTOTYPES = YES;
				CLANG_WARN_SUSPICIOUS_MOVE = YES;
				CLANG_WARN_UNGUARDED_AVAILABILITY = YES_AGGRESSIVE;
				CLANG_WARN_UNREACHABLE_CODE = YES;
				CLANG_WARN__DUPLICATE_METHOD_MATCH = YES;
				COPY_PHASE_STRIP = NO;
				DEBUG_INFORMATION_FORMAT = dwarf;
				ENABLE_STRICT_OBJC_MSGSEND = YES;
				ENABLE_TESTABILITY = YES;
				GCC_C_LANGUAGE_STANDARD = gnu11;
				GCC_DYNAMIC_NO_PIC = NO;
				GCC_NO_COMMON_BLOCKS = YES;
				GCC_OPTIMIZATION_LEVEL = 0;
				GCC_PREPROCESSOR_DEFINITIONS = (
					"DEBUG=1",
					"$(inherited)",
				);
				GCC_WARN_64_TO_32_BIT_CONVERSION = YES;
				GCC_WARN_ABOUT_RETURN_TYPE = YES_ERROR;
				GCC_WARN_UNDECLARED_SELECTOR = YES;
				GCC_WARN_UNINITIALIZED_AUTOS = YES_AGGRESSIVE;
				GCC_WARN_UNUSED_FUNCTION = YES;
				GCC_WARN_UNUSED_VARIABLE = YES;
				IPHONEOS_DEPLOYMENT_TARGET = 15.5;
				MTL_ENABLE_DEBUG_INFO = INCLUDE_SOURCE;
				MTL_FAST_MATH = YES;
				ONLY_ACTIVE_ARCH = YES;
				SDKROOT = iphoneos;
				SWIFT_ACTIVE_COMPILATION_CONDITIONS = DEBUG;
				SWIFT_OPTIMIZATION_LEVEL = "-Onone";
			};
			name = Debug;
		};
		E5634EBA28BD2AE1003BC4BE /* Release */ = {
			isa = XCBuildConfiguration;
			buildSettings = {
				ALWAYS_SEARCH_USER_PATHS = NO;
				CLANG_ANALYZER_NONNULL = YES;
				CLANG_ANALYZER_NUMBER_OBJECT_CONVERSION = YES_AGGRESSIVE;
				CLANG_CXX_LANGUAGE_STANDARD = "gnu++17";
				CLANG_ENABLE_MODULES = YES;
				CLANG_ENABLE_OBJC_ARC = YES;
				CLANG_ENABLE_OBJC_WEAK = YES;
				CLANG_WARN_BLOCK_CAPTURE_AUTORELEASING = YES;
				CLANG_WARN_BOOL_CONVERSION = YES;
				CLANG_WARN_COMMA = YES;
				CLANG_WARN_CONSTANT_CONVERSION = YES;
				CLANG_WARN_DEPRECATED_OBJC_IMPLEMENTATIONS = YES;
				CLANG_WARN_DIRECT_OBJC_ISA_USAGE = YES_ERROR;
				CLANG_WARN_DOCUMENTATION_COMMENTS = YES;
				CLANG_WARN_EMPTY_BODY = YES;
				CLANG_WARN_ENUM_CONVERSION = YES;
				CLANG_WARN_INFINITE_RECURSION = YES;
				CLANG_WARN_INT_CONVERSION = YES;
				CLANG_WARN_NON_LITERAL_NULL_CONVERSION = YES;
				CLANG_WARN_OBJC_IMPLICIT_RETAIN_SELF = YES;
				CLANG_WARN_OBJC_LITERAL_CONVERSION = YES;
				CLANG_WARN_OBJC_ROOT_CLASS = YES_ERROR;
				CLANG_WARN_QUOTED_INCLUDE_IN_FRAMEWORK_HEADER = YES;
				CLANG_WARN_RANGE_LOOP_ANALYSIS = YES;
				CLANG_WARN_STRICT_PROTOTYPES = YES;
				CLANG_WARN_SUSPICIOUS_MOVE = YES;
				CLANG_WARN_UNGUARDED_AVAILABILITY = YES_AGGRESSIVE;
				CLANG_WARN_UNREACHABLE_CODE = YES;
				CLANG_WARN__DUPLICATE_METHOD_MATCH = YES;
				COPY_PHASE_STRIP = NO;
				DEBUG_INFORMATION_FORMAT = "dwarf-with-dsym";
				ENABLE_NS_ASSERTIONS = NO;
				ENABLE_STRICT_OBJC_MSGSEND = YES;
				GCC_C_LANGUAGE_STANDARD = gnu11;
				GCC_NO_COMMON_BLOCKS = YES;
				GCC_WARN_64_TO_32_BIT_CONVERSION = YES;
				GCC_WARN_ABOUT_RETURN_TYPE = YES_ERROR;
				GCC_WARN_UNDECLARED_SELECTOR = YES;
				GCC_WARN_UNINITIALIZED_AUTOS = YES_AGGRESSIVE;
				GCC_WARN_UNUSED_FUNCTION = YES;
				GCC_WARN_UNUSED_VARIABLE = YES;
				IPHONEOS_DEPLOYMENT_TARGET = 15.5;
				MTL_ENABLE_DEBUG_INFO = NO;
				MTL_FAST_MATH = YES;
				SDKROOT = iphoneos;
				SWIFT_COMPILATION_MODE = wholemodule;
				SWIFT_OPTIMIZATION_LEVEL = "-O";
				VALIDATE_PRODUCT = YES;
			};
			name = Release;
		};
		E5634EBC28BD2AE1003BC4BE /* Debug */ = {
			isa = XCBuildConfiguration;
			buildSettings = {
				ASSETCATALOG_COMPILER_APPICON_NAME = AppIcon;
				ASSETCATALOG_COMPILER_GLOBAL_ACCENT_COLOR_NAME = AccentColor;
				CODE_SIGN_STYLE = Automatic;
				CURRENT_PROJECT_VERSION = 1;
				DEVELOPMENT_TEAM = 6ANXC2X4PY;
				GENERATE_INFOPLIST_FILE = YES;
				INFOPLIST_FILE = SwiftMaps/Info.plist;
				INFOPLIST_KEY_UIApplicationSupportsIndirectInputEvents = YES;
				INFOPLIST_KEY_UILaunchStoryboardName = LaunchScreen;
				INFOPLIST_KEY_UIMainStoryboardFile = Main;
				INFOPLIST_KEY_UISupportedInterfaceOrientations_iPad = "UIInterfaceOrientationPortrait UIInterfaceOrientationPortraitUpsideDown UIInterfaceOrientationLandscapeLeft UIInterfaceOrientationLandscapeRight";
				INFOPLIST_KEY_UISupportedInterfaceOrientations_iPhone = "UIInterfaceOrientationPortrait UIInterfaceOrientationLandscapeLeft UIInterfaceOrientationLandscapeRight";
				LD_RUNPATH_SEARCH_PATHS = (
					"$(inherited)",
					"@executable_path/Frameworks",
				);
				MARKETING_VERSION = 1.0;
				PRODUCT_BUNDLE_IDENTIFIER = com.sezerturkdal.SwiftMaps;
				PRODUCT_NAME = "$(TARGET_NAME)";
				SWIFT_EMIT_LOC_STRINGS = YES;
				SWIFT_VERSION = 5.0;
				TARGETED_DEVICE_FAMILY = "1,2";
			};
			name = Debug;
		};
		E5634EBD28BD2AE1003BC4BE /* Release */ = {
			isa = XCBuildConfiguration;
			buildSettings = {
				ASSETCATALOG_COMPILER_APPICON_NAME = AppIcon;
				ASSETCATALOG_COMPILER_GLOBAL_ACCENT_COLOR_NAME = AccentColor;
				CODE_SIGN_STYLE = Automatic;
				CURRENT_PROJECT_VERSION = 1;
				DEVELOPMENT_TEAM = 6ANXC2X4PY;
				GENERATE_INFOPLIST_FILE = YES;
				INFOPLIST_FILE = SwiftMaps/Info.plist;
				INFOPLIST_KEY_UIApplicationSupportsIndirectInputEvents = YES;
				INFOPLIST_KEY_UILaunchStoryboardName = LaunchScreen;
				INFOPLIST_KEY_UIMainStoryboardFile = Main;
				INFOPLIST_KEY_UISupportedInterfaceOrientations_iPad = "UIInterfaceOrientationPortrait UIInterfaceOrientationPortraitUpsideDown UIInterfaceOrientationLandscapeLeft UIInterfaceOrientationLandscapeRight";
				INFOPLIST_KEY_UISupportedInterfaceOrientations_iPhone = "UIInterfaceOrientationPortrait UIInterfaceOrientationLandscapeLeft UIInterfaceOrientationLandscapeRight";
				LD_RUNPATH_SEARCH_PATHS = (
					"$(inherited)",
					"@executable_path/Frameworks",
				);
				MARKETING_VERSION = 1.0;
				PRODUCT_BUNDLE_IDENTIFIER = com.sezerturkdal.SwiftMaps;
				PRODUCT_NAME = "$(TARGET_NAME)";
				SWIFT_EMIT_LOC_STRINGS = YES;
				SWIFT_VERSION = 5.0;
				TARGETED_DEVICE_FAMILY = "1,2";
			};
			name = Release;
		};
/* End XCBuildConfiguration section */

/* Begin XCConfigurationList section */
		E5634E9F28BD2ADC003BC4BE /* Build configuration list for PBXProject "SwiftMaps" */ = {
			isa = XCConfigurationList;
			buildConfigurations = (
				E5634EB928BD2AE1003BC4BE /* Debug */,
				E5634EBA28BD2AE1003BC4BE /* Release */,
			);
			defaultConfigurationIsVisible = 0;
			defaultConfigurationName = Release;
		};
		E5634EBB28BD2AE1003BC4BE /* Build configuration list for PBXNativeTarget "SwiftMaps" */ = {
			isa = XCConfigurationList;
			buildConfigurations = (
				E5634EBC28BD2AE1003BC4BE /* Debug */,
				E5634EBD28BD2AE1003BC4BE /* Release */,
			);
			defaultConfigurationIsVisible = 0;
			defaultConfigurationName = Release;
		};
/* End XCConfigurationList section */

/* Begin XCVersionGroup section */
		E5634EB028BD2ADC003BC4BE /* SwiftMaps.xcdatamodeld */ = {
			isa = XCVersionGroup;
			children = (
				E5634EB128BD2ADC003BC4BE /* SwiftMaps.xcdatamodel */,
			);
			currentVersion = E5634EB128BD2ADC003BC4BE /* SwiftMaps.xcdatamodel */;
			path = SwiftMaps.xcdatamodeld;
			sourceTree = "<group>";
			versionGroupType = wrapper.xcdatamodel;
		};
/* End XCVersionGroup section */
	};
	rootObject = E5634E9C28BD2ADC003BC4BE /* Project object */;
}
